// !$*UTF8*$!
{
	archiveVersion = 1;
	classes = {
	};
	objectVersion = 46;
	objects = {

/* Begin PBXBuildFile section */
		186024F36A237A4AA9C1D53B /* libPods-InfiniteViewDemo.a in Frameworks */ = {isa = PBXBuildFile; fileRef = 916EEF96E8BC409F25B18AE7 /* libPods-InfiniteViewDemo.a */; };
		84B66E791E037AB500DA65E5 /* SGReuseViewController.m in Sources */ = {isa = PBXBuildFile; fileRef = 84B66E781E037AB500DA65E5 /* SGReuseViewController.m */; };
		84B66E7C1E037BBA00DA65E5 /* SGReuseInfiniteViewCell.m in Sources */ = {isa = PBXBuildFile; fileRef = 84B66E7B1E037BBA00DA65E5 /* SGReuseInfiniteViewCell.m */; };
		84D8FF601E0FB26000700243 /* SGSegementTileView.m in Sources */ = {isa = PBXBuildFile; fileRef = 84D8FF5F1E0FB26000700243 /* SGSegementTileView.m */; };
		A701C48E20CFBB24002E31B7 /* SGAutoInfiniteView.m in Sources */ = {isa = PBXBuildFile; fileRef = A701C48C20CFBB23002E31B7 /* SGAutoInfiniteView.m */; };
		A738D5FA211D9DEF00165283 /* SGBaseToolBar.m in Sources */ = {isa = PBXBuildFile; fileRef = A738D5F6211D9DEF00165283 /* SGBaseToolBar.m */; };
		A738D5FB211D9DEF00165283 /* SGSwitchBar.m in Sources */ = {isa = PBXBuildFile; fileRef = A738D5F7211D9DEF00165283 /* SGSwitchBar.m */; };
		A7EAE4101DDF336D002EAC72 /* main.m in Sources */ = {isa = PBXBuildFile; fileRef = A7EAE40F1DDF336D002EAC72 /* main.m */; };
		A7EAE4131DDF336D002EAC72 /* AppDelegate.m in Sources */ = {isa = PBXBuildFile; fileRef = A7EAE4121DDF336D002EAC72 /* AppDelegate.m */; };
		A7EAE41B1DDF336D002EAC72 /* Assets.xcassets in Resources */ = {isa = PBXBuildFile; fileRef = A7EAE41A1DDF336D002EAC72 /* Assets.xcassets */; };
		A7EAE41E1DDF336D002EAC72 /* LaunchScreen.storyboard in Resources */ = {isa = PBXBuildFile; fileRef = A7EAE41C1DDF336D002EAC72 /* LaunchScreen.storyboard */; };
		A7EAE4291DDF33EC002EAC72 /* RootTableViewController.m in Sources */ = {isa = PBXBuildFile; fileRef = A7EAE4281DDF33EC002EAC72 /* RootTableViewController.m */; };
		A7EAE42C1DDF35F5002EAC72 /* LunboViewController.m in Sources */ = {isa = PBXBuildFile; fileRef = A7EAE42B1DDF35F4002EAC72 /* LunboViewController.m */; };
		A7EAE4321DDF39E8002EAC72 /* BaseViewController.m in Sources */ = {isa = PBXBuildFile; fileRef = A7EAE4311DDF39E8002EAC72 /* BaseViewController.m */; };
		A7EAE4351DDF3A05002EAC72 /* FirstViewController.m in Sources */ = {isa = PBXBuildFile; fileRef = A7EAE4341DDF3A05002EAC72 /* FirstViewController.m */; };
		A7EAE4381DDF3A26002EAC72 /* SecondViewController.m in Sources */ = {isa = PBXBuildFile; fileRef = A7EAE4371DDF3A26002EAC72 /* SecondViewController.m */; };
		A7EAE43E1DDF3A7A002EAC72 /* ThirdViewController.m in Sources */ = {isa = PBXBuildFile; fileRef = A7EAE43D1DDF3A7A002EAC72 /* ThirdViewController.m */; };
		A7EAE4421DDF3AEF002EAC72 /* InfiniteViewController.m in Sources */ = {isa = PBXBuildFile; fileRef = A7EAE4411DDF3AEF002EAC72 /* InfiniteViewController.m */; };
		A7EC359C1E76F54B00116C91 /* SGCollectionView.m in Sources */ = {isa = PBXBuildFile; fileRef = A7EC35971E76F54B00116C91 /* SGCollectionView.m */; };
		A7EC359D1E76F54B00116C91 /* SGInfiniteView.m in Sources */ = {isa = PBXBuildFile; fileRef = A7EC35991E76F54B00116C91 /* SGInfiniteView.m */; };
		A7EC359E1E76F54B00116C91 /* SGInfiniteViewCell.m in Sources */ = {isa = PBXBuildFile; fileRef = A7EC359B1E76F54B00116C91 /* SGInfiniteViewCell.m */; };
/* End PBXBuildFile section */

/* Begin PBXFileReference section */
		089A43D8FBD30E5B84D4813B /* Pods-InfiniteViewDemo.debug.xcconfig */ = {isa = PBXFileReference; includeInIndex = 1; lastKnownFileType = text.xcconfig; name = "Pods-InfiniteViewDemo.debug.xcconfig"; path = "Pods/Target Support Files/Pods-InfiniteViewDemo/Pods-InfiniteViewDemo.debug.xcconfig"; sourceTree = "<group>"; };
		5AB97BFF895CDC0F8D7AAA4E /* Pods-InfiniteViewDemo.release.xcconfig */ = {isa = PBXFileReference; includeInIndex = 1; lastKnownFileType = text.xcconfig; name = "Pods-InfiniteViewDemo.release.xcconfig"; path = "Pods/Target Support Files/Pods-InfiniteViewDemo/Pods-InfiniteViewDemo.release.xcconfig"; sourceTree = "<group>"; };
		84B66E771E037AB500DA65E5 /* SGReuseViewController.h */ = {isa = PBXFileReference; fileEncoding = 4; lastKnownFileType = sourcecode.c.h; path = SGReuseViewController.h; sourceTree = "<group>"; };
		84B66E781E037AB500DA65E5 /* SGReuseViewController.m */ = {isa = PBXFileReference; fileEncoding = 4; lastKnownFileType = sourcecode.c.objc; path = SGReuseViewController.m; sourceTree = "<group>"; };
		84B66E7A1E037BBA00DA65E5 /* SGReuseInfiniteViewCell.h */ = {isa = PBXFileReference; fileEncoding = 4; lastKnownFileType = sourcecode.c.h; path = SGReuseInfiniteViewCell.h; sourceTree = "<group>"; };
		84B66E7B1E037BBA00DA65E5 /* SGReuseInfiniteViewCell.m */ = {isa = PBXFileReference; fileEncoding = 4; lastKnownFileType = sourcecode.c.objc; path = SGReuseInfiniteViewCell.m; sourceTree = "<group>"; };
		84D8FF5E1E0FB26000700243 /* SGSegementTileView.h */ = {isa = PBXFileReference; fileEncoding = 4; lastKnownFileType = sourcecode.c.h; path = SGSegementTileView.h; sourceTree = "<group>"; };
		84D8FF5F1E0FB26000700243 /* SGSegementTileView.m */ = {isa = PBXFileReference; fileEncoding = 4; lastKnownFileType = sourcecode.c.objc; path = SGSegementTileView.m; sourceTree = "<group>"; };
		916EEF96E8BC409F25B18AE7 /* libPods-InfiniteViewDemo.a */ = {isa = PBXFileReference; explicitFileType = archive.ar; includeInIndex = 0; path = "libPods-InfiniteViewDemo.a"; sourceTree = BUILT_PRODUCTS_DIR; };
		A701C48C20CFBB23002E31B7 /* SGAutoInfiniteView.m */ = {isa = PBXFileReference; fileEncoding = 4; lastKnownFileType = sourcecode.c.objc; name = SGAutoInfiniteView.m; path = SGInfiniteView/SGAutoInfiniteView.m; sourceTree = SOURCE_ROOT; };
		A701C48D20CFBB24002E31B7 /* SGAutoInfiniteView.h */ = {isa = PBXFileReference; fileEncoding = 4; lastKnownFileType = sourcecode.c.h; name = SGAutoInfiniteView.h; path = SGInfiniteView/SGAutoInfiniteView.h; sourceTree = SOURCE_ROOT; };
		A738D5F6211D9DEF00165283 /* SGBaseToolBar.m */ = {isa = PBXFileReference; fileEncoding = 4; lastKnownFileType = sourcecode.c.objc; path = SGBaseToolBar.m; sourceTree = "<group>"; };
		A738D5F7211D9DEF00165283 /* SGSwitchBar.m */ = {isa = PBXFileReference; fileEncoding = 4; lastKnownFileType = sourcecode.c.objc; path = SGSwitchBar.m; sourceTree = "<group>"; };
		A738D5F8211D9DEF00165283 /* SGSwitchBar.h */ = {isa = PBXFileReference; fileEncoding = 4; lastKnownFileType = sourcecode.c.h; path = SGSwitchBar.h; sourceTree = "<group>"; };
		A738D5F9211D9DEF00165283 /* SGBaseToolBar.h */ = {isa = PBXFileReference; fileEncoding = 4; lastKnownFileType = sourcecode.c.h; path = SGBaseToolBar.h; sourceTree = "<group>"; };
		A7EAE40B1DDF336D002EAC72 /* InfiniteViewDemo.app */ = {isa = PBXFileReference; explicitFileType = wrapper.application; includeInIndex = 0; path = InfiniteViewDemo.app; sourceTree = BUILT_PRODUCTS_DIR; };
		A7EAE40F1DDF336D002EAC72 /* main.m */ = {isa = PBXFileReference; lastKnownFileType = sourcecode.c.objc; path = main.m; sourceTree = "<group>"; };
		A7EAE4111DDF336D002EAC72 /* AppDelegate.h */ = {isa = PBXFileReference; lastKnownFileType = sourcecode.c.h; path = AppDelegate.h; sourceTree = "<group>"; };
		A7EAE4121DDF336D002EAC72 /* AppDelegate.m */ = {isa = PBXFileReference; lastKnownFileType = sourcecode.c.objc; path = AppDelegate.m; sourceTree = "<group>"; };
		A7EAE41A1DDF336D002EAC72 /* Assets.xcassets */ = {isa = PBXFileReference; lastKnownFileType = folder.assetcatalog; path = Assets.xcassets; sourceTree = "<group>"; };
		A7EAE41D1DDF336D002EAC72 /* Base */ = {isa = PBXFileReference; lastKnownFileType = file.storyboard; name = Base; path = Base.lproj/LaunchScreen.storyboard; sourceTree = "<group>"; };
		A7EAE41F1DDF336D002EAC72 /* Info.plist */ = {isa = PBXFileReference; lastKnownFileType = text.plist.xml; path = Info.plist; sourceTree = "<group>"; };
		A7EAE4271DDF33EC002EAC72 /* RootTableViewController.h */ = {isa = PBXFileReference; fileEncoding = 4; lastKnownFileType = sourcecode.c.h; path = RootTableViewController.h; sourceTree = "<group>"; };
		A7EAE4281DDF33EC002EAC72 /* RootTableViewController.m */ = {isa = PBXFileReference; fileEncoding = 4; lastKnownFileType = sourcecode.c.objc; path = RootTableViewController.m; sourceTree = "<group>"; };
		A7EAE42A1DDF35F4002EAC72 /* LunboViewController.h */ = {isa = PBXFileReference; fileEncoding = 4; lastKnownFileType = sourcecode.c.h; path = LunboViewController.h; sourceTree = "<group>"; };
		A7EAE42B1DDF35F4002EAC72 /* LunboViewController.m */ = {isa = PBXFileReference; fileEncoding = 4; lastKnownFileType = sourcecode.c.objc; path = LunboViewController.m; sourceTree = "<group>"; };
		A7EAE4301DDF39E8002EAC72 /* BaseViewController.h */ = {isa = PBXFileReference; fileEncoding = 4; lastKnownFileType = sourcecode.c.h; path = BaseViewController.h; sourceTree = "<group>"; };
		A7EAE4311DDF39E8002EAC72 /* BaseViewController.m */ = {isa = PBXFileReference; fileEncoding = 4; lastKnownFileType = sourcecode.c.objc; path = BaseViewController.m; sourceTree = "<group>"; };
		A7EAE4331DDF3A05002EAC72 /* FirstViewController.h */ = {isa = PBXFileReference; fileEncoding = 4; lastKnownFileType = sourcecode.c.h; path = FirstViewController.h; sourceTree = "<group>"; };
		A7EAE4341DDF3A05002EAC72 /* FirstViewController.m */ = {isa = PBXFileReference; fileEncoding = 4; lastKnownFileType = sourcecode.c.objc; path = FirstViewController.m; sourceTree = "<group>"; };
		A7EAE4361DDF3A26002EAC72 /* SecondViewController.h */ = {isa = PBXFileReference; fileEncoding = 4; lastKnownFileType = sourcecode.c.h; path = SecondViewController.h; sourceTree = "<group>"; };
		A7EAE4371DDF3A26002EAC72 /* SecondViewController.m */ = {isa = PBXFileReference; fileEncoding = 4; lastKnownFileType = sourcecode.c.objc; path = SecondViewController.m; sourceTree = "<group>"; };
		A7EAE43C1DDF3A7A002EAC72 /* ThirdViewController.h */ = {isa = PBXFileReference; fileEncoding = 4; lastKnownFileType = sourcecode.c.h; path = ThirdViewController.h; sourceTree = "<group>"; };
		A7EAE43D1DDF3A7A002EAC72 /* ThirdViewController.m */ = {isa = PBXFileReference; fileEncoding = 4; lastKnownFileType = sourcecode.c.objc; path = ThirdViewController.m; sourceTree = "<group>"; };
		A7EAE4401DDF3AEF002EAC72 /* InfiniteViewController.h */ = {isa = PBXFileReference; fileEncoding = 4; lastKnownFileType = sourcecode.c.h; path = InfiniteViewController.h; sourceTree = "<group>"; };
		A7EAE4411DDF3AEF002EAC72 /* InfiniteViewController.m */ = {isa = PBXFileReference; fileEncoding = 4; lastKnownFileType = sourcecode.c.objc; path = InfiniteViewController.m; sourceTree = "<group>"; };
		A7EC35961E76F54B00116C91 /* SGCollectionView.h */ = {isa = PBXFileReference; fileEncoding = 4; lastKnownFileType = sourcecode.c.h; name = SGCollectionView.h; path = SGInfiniteView/SGCollectionView.h; sourceTree = SOURCE_ROOT; };
		A7EC35971E76F54B00116C91 /* SGCollectionView.m */ = {isa = PBXFileReference; fileEncoding = 4; lastKnownFileType = sourcecode.c.objc; name = SGCollectionView.m; path = SGInfiniteView/SGCollectionView.m; sourceTree = SOURCE_ROOT; };
		A7EC35981E76F54B00116C91 /* SGInfiniteView.h */ = {isa = PBXFileReference; fileEncoding = 4; lastKnownFileType = sourcecode.c.h; name = SGInfiniteView.h; path = SGInfiniteView/SGInfiniteView.h; sourceTree = SOURCE_ROOT; };
		A7EC35991E76F54B00116C91 /* SGInfiniteView.m */ = {isa = PBXFileReference; fileEncoding = 4; lastKnownFileType = sourcecode.c.objc; name = SGInfiniteView.m; path = SGInfiniteView/SGInfiniteView.m; sourceTree = SOURCE_ROOT; };
		A7EC359A1E76F54B00116C91 /* SGInfiniteViewCell.h */ = {isa = PBXFileReference; fileEncoding = 4; lastKnownFileType = sourcecode.c.h; name = SGInfiniteViewCell.h; path = SGInfiniteView/SGInfiniteViewCell.h; sourceTree = SOURCE_ROOT; };
		A7EC359B1E76F54B00116C91 /* SGInfiniteViewCell.m */ = {isa = PBXFileReference; fileEncoding = 4; lastKnownFileType = sourcecode.c.objc; name = SGInfiniteViewCell.m; path = SGInfiniteView/SGInfiniteViewCell.m; sourceTree = SOURCE_ROOT; };
/* End PBXFileReference section */

/* Begin PBXFrameworksBuildPhase section */
		A7EAE4081DDF336D002EAC72 /* Frameworks */ = {
			isa = PBXFrameworksBuildPhase;
			buildActionMask = 2147483647;
			files = (
				186024F36A237A4AA9C1D53B /* libPods-InfiniteViewDemo.a in Frameworks */,
			);
			runOnlyForDeploymentPostprocessing = 0;
		};
/* End PBXFrameworksBuildPhase section */

/* Begin PBXGroup section */
		3DEB2EA13A09BA542B255F56 /* Pods */ = {
			isa = PBXGroup;
			children = (
				089A43D8FBD30E5B84D4813B /* Pods-InfiniteViewDemo.debug.xcconfig */,
				5AB97BFF895CDC0F8D7AAA4E /* Pods-InfiniteViewDemo.release.xcconfig */,
			);
			name = Pods;
			sourceTree = "<group>";
		};
		84B66E751E037A5400DA65E5 /* 视图重用 */ = {
			isa = PBXGroup;
			children = (
				84B66E771E037AB500DA65E5 /* SGReuseViewController.h */,
				84B66E781E037AB500DA65E5 /* SGReuseViewController.m */,
				84B66E7A1E037BBA00DA65E5 /* SGReuseInfiniteViewCell.h */,
				84B66E7B1E037BBA00DA65E5 /* SGReuseInfiniteViewCell.m */,
			);
			name = "视图重用";
			sourceTree = "<group>";
		};
		84B66E871E037F4A00DA65E5 /* SGInfiniteView */ = {
			isa = PBXGroup;
			children = (
				A701C48D20CFBB24002E31B7 /* SGAutoInfiniteView.h */,
				A701C48C20CFBB23002E31B7 /* SGAutoInfiniteView.m */,
				A7EC35961E76F54B00116C91 /* SGCollectionView.h */,
				A7EC35971E76F54B00116C91 /* SGCollectionView.m */,
				A7EC35981E76F54B00116C91 /* SGInfiniteView.h */,
				A7EC35991E76F54B00116C91 /* SGInfiniteView.m */,
				A7EC359A1E76F54B00116C91 /* SGInfiniteViewCell.h */,
				A7EC359B1E76F54B00116C91 /* SGInfiniteViewCell.m */,
				84D8FF5E1E0FB26000700243 /* SGSegementTileView.h */,
				84D8FF5F1E0FB26000700243 /* SGSegementTileView.m */,
			);
			path = SGInfiniteView;
			sourceTree = "<group>";
		};
		A738D5F5211D9DEF00165283 /* SGSwitchBar */ = {
			isa = PBXGroup;
			children = (
				A738D5F9211D9DEF00165283 /* SGBaseToolBar.h */,
				A738D5F6211D9DEF00165283 /* SGBaseToolBar.m */,
				A738D5F8211D9DEF00165283 /* SGSwitchBar.h */,
				A738D5F7211D9DEF00165283 /* SGSwitchBar.m */,
			);
			path = SGSwitchBar;
			sourceTree = SOURCE_ROOT;
		};
		A7EAE4021DDF336D002EAC72 = {
			isa = PBXGroup;
			children = (
				A7EAE40D1DDF336D002EAC72 /* InfiniteViewDemo */,
				A7EAE40C1DDF336D002EAC72 /* Products */,
				3DEB2EA13A09BA542B255F56 /* Pods */,
				C3E35EDF071B9F092E3468AC /* Frameworks */,
			);
			sourceTree = "<group>";
		};
		A7EAE40C1DDF336D002EAC72 /* Products */ = {
			isa = PBXGroup;
			children = (
				A7EAE40B1DDF336D002EAC72 /* InfiniteViewDemo.app */,
			);
			name = Products;
			sourceTree = "<group>";
		};
		A7EAE40D1DDF336D002EAC72 /* InfiniteViewDemo */ = {
			isa = PBXGroup;
			children = (
				A738D5F5211D9DEF00165283 /* SGSwitchBar */,
				84B66E871E037F4A00DA65E5 /* SGInfiniteView */,
				84B66E751E037A5400DA65E5 /* 视图重用 */,
				A7EAE4261DDF33BF002EAC72 /* 无限滚动 */,
				A7EAE4251DDF339E002EAC72 /* 轮播图 */,
				A7EAE4111DDF336D002EAC72 /* AppDelegate.h */,
				A7EAE4121DDF336D002EAC72 /* AppDelegate.m */,
				A7EAE4271DDF33EC002EAC72 /* RootTableViewController.h */,
				A7EAE4281DDF33EC002EAC72 /* RootTableViewController.m */,
				A7EAE41A1DDF336D002EAC72 /* Assets.xcassets */,
				A7EAE41C1DDF336D002EAC72 /* LaunchScreen.storyboard */,
				A7EAE41F1DDF336D002EAC72 /* Info.plist */,
				A7EAE40E1DDF336D002EAC72 /* Supporting Files */,
			);
			path = InfiniteViewDemo;
			sourceTree = "<group>";
		};
		A7EAE40E1DDF336D002EAC72 /* Supporting Files */ = {
			isa = PBXGroup;
			children = (
				A7EAE40F1DDF336D002EAC72 /* main.m */,
			);
			name = "Supporting Files";
			sourceTree = "<group>";
		};
		A7EAE4251DDF339E002EAC72 /* 轮播图 */ = {
			isa = PBXGroup;
			children = (
				A7EAE42A1DDF35F4002EAC72 /* LunboViewController.h */,
				A7EAE42B1DDF35F4002EAC72 /* LunboViewController.m */,
			);
			name = "轮播图";
			sourceTree = "<group>";
		};
		A7EAE4261DDF33BF002EAC72 /* 无限滚动 */ = {
			isa = PBXGroup;
			children = (
				A7EAE43F1DDF3AC9002EAC72 /* subVc */,
				A7EAE4401DDF3AEF002EAC72 /* InfiniteViewController.h */,
				A7EAE4411DDF3AEF002EAC72 /* InfiniteViewController.m */,
			);
			name = "无限滚动";
			sourceTree = "<group>";
		};
		A7EAE43F1DDF3AC9002EAC72 /* subVc */ = {
			isa = PBXGroup;
			children = (
				A7EAE4301DDF39E8002EAC72 /* BaseViewController.h */,
				A7EAE4311DDF39E8002EAC72 /* BaseViewController.m */,
				A7EAE4331DDF3A05002EAC72 /* FirstViewController.h */,
				A7EAE4341DDF3A05002EAC72 /* FirstViewController.m */,
				A7EAE4361DDF3A26002EAC72 /* SecondViewController.h */,
				A7EAE4371DDF3A26002EAC72 /* SecondViewController.m */,
				A7EAE43C1DDF3A7A002EAC72 /* ThirdViewController.h */,
				A7EAE43D1DDF3A7A002EAC72 /* ThirdViewController.m */,
			);
			name = subVc;
			sourceTree = "<group>";
		};
		C3E35EDF071B9F092E3468AC /* Frameworks */ = {
			isa = PBXGroup;
			children = (
				916EEF96E8BC409F25B18AE7 /* libPods-InfiniteViewDemo.a */,
			);
			name = Frameworks;
			sourceTree = "<group>";
		};
/* End PBXGroup section */

/* Begin PBXNativeTarget section */
		A7EAE40A1DDF336D002EAC72 /* InfiniteViewDemo */ = {
			isa = PBXNativeTarget;
			buildConfigurationList = A7EAE4221DDF336D002EAC72 /* Build configuration list for PBXNativeTarget "InfiniteViewDemo" */;
			buildPhases = (
				11F4F3A3852C85775413DBE5 /* [CP] Check Pods Manifest.lock */,
				A7EAE4071DDF336D002EAC72 /* Sources */,
				A7EAE4081DDF336D002EAC72 /* Frameworks */,
				A7EAE4091DDF336D002EAC72 /* Resources */,
				90C8FCC8D5AC67D3B0BCB765 /* [CP] Embed Pods Frameworks */,
				BEE607BD5B6A59B6E9A9A9AA /* [CP] Copy Pods Resources */,
			);
			buildRules = (
			);
			dependencies = (
			);
			name = InfiniteViewDemo;
			productName = InfiniteViewDemo;
			productReference = A7EAE40B1DDF336D002EAC72 /* InfiniteViewDemo.app */;
			productType = "com.apple.product-type.application";
		};
/* End PBXNativeTarget section */

/* Begin PBXProject section */
		A7EAE4031DDF336D002EAC72 /* Project object */ = {
			isa = PBXProject;
			attributes = {
				LastUpgradeCheck = 0810;
				ORGANIZATIONNAME = "Shangen Zhang";
				TargetAttributes = {
					A7EAE40A1DDF336D002EAC72 = {
						CreatedOnToolsVersion = 8.1;
						ProvisioningStyle = Automatic;
					};
				};
			};
			buildConfigurationList = A7EAE4061DDF336D002EAC72 /* Build configuration list for PBXProject "InfiniteViewDemo" */;
			compatibilityVersion = "Xcode 3.2";
			developmentRegion = English;
			hasScannedForEncodings = 0;
			knownRegions = (
				en,
				Base,
			);
			mainGroup = A7EAE4021DDF336D002EAC72;
			productRefGroup = A7EAE40C1DDF336D002EAC72 /* Products */;
			projectDirPath = "";
			projectRoot = "";
			targets = (
				A7EAE40A1DDF336D002EAC72 /* InfiniteViewDemo */,
			);
		};
/* End PBXProject section */

/* Begin PBXResourcesBuildPhase section */
		A7EAE4091DDF336D002EAC72 /* Resources */ = {
			isa = PBXResourcesBuildPhase;
			buildActionMask = 2147483647;
			files = (
				A7EAE41E1DDF336D002EAC72 /* LaunchScreen.storyboard in Resources */,
				A7EAE41B1DDF336D002EAC72 /* Assets.xcassets in Resources */,
			);
			runOnlyForDeploymentPostprocessing = 0;
		};
/* End PBXResourcesBuildPhase section */

/* Begin PBXShellScriptBuildPhase section */
		11F4F3A3852C85775413DBE5 /* [CP] Check Pods Manifest.lock */ = {
			isa = PBXShellScriptBuildPhase;
			buildActionMask = 2147483647;
			files = (
			);
			inputPaths = (
			);
			name = "[CP] Check Pods Manifest.lock";
			outputPaths = (
			);
			runOnlyForDeploymentPostprocessing = 0;
			shellPath = /bin/sh;
			shellScript = "diff \"${PODS_ROOT}/../Podfile.lock\" \"${PODS_ROOT}/Manifest.lock\" > /dev/null\nif [ $? != 0 ] ; then\n    # print error to STDERR\n    echo \"error: The sandbox is not in sync with the Podfile.lock. Run 'pod install' or update your CocoaPods installation.\" >&2\n    exit 1\nfi\n";
			showEnvVarsInLog = 0;
		};
		90C8FCC8D5AC67D3B0BCB765 /* [CP] Embed Pods Frameworks */ = {
			isa = PBXShellScriptBuildPhase;
			buildActionMask = 2147483647;
			files = (
			);
			inputPaths = (
			);
			name = "[CP] Embed Pods Frameworks";
			outputPaths = (
			);
			runOnlyForDeploymentPostprocessing = 0;
			shellPath = /bin/sh;
			shellScript = "\"${SRCROOT}/Pods/Target Support Files/Pods-InfiniteViewDemo/Pods-InfiniteViewDemo-frameworks.sh\"\n";
			showEnvVarsInLog = 0;
		};
		BEE607BD5B6A59B6E9A9A9AA /* [CP] Copy Pods Resources */ = {
			isa = PBXShellScriptBuildPhase;
			buildActionMask = 2147483647;
			files = (
			);
			inputPaths = (
			);
			name = "[CP] Copy Pods Resources";
			outputPaths = (
			);
			runOnlyForDeploymentPostprocessing = 0;
			shellPath = /bin/sh;
			shellScript = "\"${SRCROOT}/Pods/Target Support Files/Pods-InfiniteViewDemo/Pods-InfiniteViewDemo-resources.sh\"\n";
			showEnvVarsInLog = 0;
		};
/* End PBXShellScriptBuildPhase section */

/* Begin PBXSourcesBuildPhase section */
		A7EAE4071DDF336D002EAC72 /* Sources */ = {
			isa = PBXSourcesBuildPhase;
			buildActionMask = 2147483647;
			files = (
				84B66E7C1E037BBA00DA65E5 /* SGReuseInfiniteViewCell.m in Sources */,
				A7EAE4321DDF39E8002EAC72 /* BaseViewController.m in Sources */,
				A7EC359D1E76F54B00116C91 /* SGInfiniteView.m in Sources */,
				A738D5FB211D9DEF00165283 /* SGSwitchBar.m in Sources */,
				A701C48E20CFBB24002E31B7 /* SGAutoInfiniteView.m in Sources */,
				84D8FF601E0FB26000700243 /* SGSegementTileView.m in Sources */,
				A7EAE4351DDF3A05002EAC72 /* FirstViewController.m in Sources */,
				A7EAE4291DDF33EC002EAC72 /* RootTableViewController.m in Sources */,
				A7EAE4381DDF3A26002EAC72 /* SecondViewController.m in Sources */,
				A7EAE43E1DDF3A7A002EAC72 /* ThirdViewController.m in Sources */,
				A7EAE4421DDF3AEF002EAC72 /* InfiniteViewController.m in Sources */,
				A7EC359C1E76F54B00116C91 /* SGCollectionView.m in Sources */,
				A7EAE4131DDF336D002EAC72 /* AppDelegate.m in Sources */,
				A7EC359E1E76F54B00116C91 /* SGInfiniteViewCell.m in Sources */,
				A7EAE4101DDF336D002EAC72 /* main.m in Sources */,
				A738D5FA211D9DEF00165283 /* SGBaseToolBar.m in Sources */,
				A7EAE42C1DDF35F5002EAC72 /* LunboViewController.m in Sources */,
				84B66E791E037AB500DA65E5 /* SGReuseViewController.m in Sources */,
			);
			runOnlyForDeploymentPostprocessing = 0;
		};
/* End PBXSourcesBuildPhase section */

/* Begin PBXVariantGroup section */
		A7EAE41C1DDF336D002EAC72 /* LaunchScreen.storyboard */ = {
			isa = PBXVariantGroup;
			children = (
				A7EAE41D1DDF336D002EAC72 /* Base */,
			);
			name = LaunchScreen.storyboard;
			sourceTree = "<group>";
		};
/* End PBXVariantGroup section */

/* Begin XCBuildConfiguration section */
		A7EAE4201DDF336D002EAC72 /* Debug */ = {
			isa = XCBuildConfiguration;
			buildSettings = {
				ALWAYS_SEARCH_USER_PATHS = NO;
				CLANG_ANALYZER_NONNULL = YES;
				CLANG_CXX_LANGUAGE_STANDARD = "gnu++0x";
				CLANG_CXX_LIBRARY = "libc++";
				CLANG_ENABLE_MODULES = YES;
				CLANG_ENABLE_OBJC_ARC = YES;
				CLANG_WARN_BOOL_CONVERSION = YES;
				CLANG_WARN_CONSTANT_CONVERSION = YES;
				CLANG_WARN_DIRECT_OBJC_ISA_USAGE = YES_ERROR;
				CLANG_WARN_DOCUMENTATION_COMMENTS = YES;
				CLANG_WARN_EMPTY_BODY = YES;
				CLANG_WARN_ENUM_CONVERSION = YES;
				CLANG_WARN_INFINITE_RECURSION = YES;
				CLANG_WARN_INT_CONVERSION = YES;
				CLANG_WARN_OBJC_ROOT_CLASS = YES_ERROR;
				CLANG_WARN_SUSPICIOUS_MOVES = YES;
				CLANG_WARN_UNREACHABLE_CODE = YES;
				CLANG_WARN__DUPLICATE_METHOD_MATCH = YES;
				"CODE_SIGN_IDENTITY[sdk=iphoneos*]" = "iPhone Developer";
				COPY_PHASE_STRIP = NO;
				DEBUG_INFORMATION_FORMAT = dwarf;
				ENABLE_STRICT_OBJC_MSGSEND = YES;
				ENABLE_TESTABILITY = YES;
				GCC_C_LANGUAGE_STANDARD = gnu99;
				GCC_DYNAMIC_NO_PIC = NO;
				GCC_NO_COMMON_BLOCKS = YES;
				GCC_OPTIMIZATION_LEVEL = 0;
				GCC_PREPROCESSOR_DEFINITIONS = (
					"DEBUG=1",
					"$(inherited)",
				);
				GCC_WARN_64_TO_32_BIT_CONVERSION = YES;
				GCC_WARN_ABOUT_RETURN_TYPE = YES_ERROR;
				GCC_WARN_UNDECLARED_SELECTOR = YES;
				GCC_WARN_UNINITIALIZED_AUTOS = YES_AGGRESSIVE;
				GCC_WARN_UNUSED_FUNCTION = YES;
				GCC_WARN_UNUSED_VARIABLE = YES;
				IPHONEOS_DEPLOYMENT_TARGET = 10.1;
				MTL_ENABLE_DEBUG_INFO = YES;
				ONLY_ACTIVE_ARCH = YES;
				SDKROOT = iphoneos;
				TARGETED_DEVICE_FAMILY = "1,2";
			};
			name = Debug;
		};
		A7EAE4211DDF336D002EAC72 /* Release */ = {
			isa = XCBuildConfiguration;
			buildSettings = {
				ALWAYS_SEARCH_USER_PATHS = NO;
				CLANG_ANALYZER_NONNULL = YES;
				CLANG_CXX_LANGUAGE_STANDARD = "gnu++0x";
				CLANG_CXX_LIBRARY = "libc++";
				CLANG_ENABLE_MODULES = YES;
				CLANG_ENABLE_OBJC_ARC = YES;
				CLANG_WARN_BOOL_CONVERSION = YES;
				CLANG_WARN_CONSTANT_CONVERSION = YES;
				CLANG_WARN_DIRECT_OBJC_ISA_USAGE = YES_ERROR;
				CLANG_WARN_DOCUMENTATION_COMMENTS = YES;
				CLANG_WARN_EMPTY_BODY = YES;
				CLANG_WARN_ENUM_CONVERSION = YES;
				CLANG_WARN_INFINITE_RECURSION = YES;
				CLANG_WARN_INT_CONVERSION = YES;
				CLANG_WARN_OBJC_ROOT_CLASS = YES_ERROR;
				CLANG_WARN_SUSPICIOUS_MOVES = YES;
				CLANG_WARN_UNREACHABLE_CODE = YES;
				CLANG_WARN__DUPLICATE_METHOD_MATCH = YES;
				"CODE_SIGN_IDENTITY[sdk=iphoneos*]" = "iPhone Developer";
				COPY_PHASE_STRIP = NO;
				DEBUG_INFORMATION_FORMAT = "dwarf-with-dsym";
				ENABLE_NS_ASSERTIONS = NO;
				ENABLE_STRICT_OBJC_MSGSEND = YES;
				GCC_C_LANGUAGE_STANDARD = gnu99;
				GCC_NO_COMMON_BLOCKS = YES;
				GCC_WARN_64_TO_32_BIT_CONVERSION = YES;
				GCC_WARN_ABOUT_RETURN_TYPE = YES_ERROR;
				GCC_WARN_UNDECLARED_SELECTOR = YES;
				GCC_WARN_UNINITIALIZED_AUTOS = YES_AGGRESSIVE;
				GCC_WARN_UNUSED_FUNCTION = YES;
				GCC_WARN_UNUSED_VARIABLE = YES;
				IPHONEOS_DEPLOYMENT_TARGET = 10.1;
				MTL_ENABLE_DEBUG_INFO = NO;
				SDKROOT = iphoneos;
				TARGETED_DEVICE_FAMILY = "1,2";
				VALIDATE_PRODUCT = YES;
			};
			name = Release;
		};
		A7EAE4231DDF336D002EAC72 /* Debug */ = {
			isa = XCBuildConfiguration;
			baseConfigurationReference = 089A43D8FBD30E5B84D4813B /* Pods-InfiniteViewDemo.debug.xcconfig */;
			buildSettings = {
				ASSETCATALOG_COMPILER_APPICON_NAME = AppIcon;
				INFOPLIST_FILE = InfiniteViewDemo/Info.plist;
				IPHONEOS_DEPLOYMENT_TARGET = 8.0;
				LD_RUNPATH_SEARCH_PATHS = "$(inherited) @executable_path/Frameworks";
				PRODUCT_BUNDLE_IDENTIFIER = com.zhangsg.InfiniteViewDemo;
				PRODUCT_NAME = "$(TARGET_NAME)";
			};
			name = Debug;
		};
		A7EAE4241DDF336D002EAC72 /* Release */ = {
			isa = XCBuildConfiguration;
			baseConfigurationReference = 5AB97BFF895CDC0F8D7AAA4E /* Pods-InfiniteViewDemo.release.xcconfig */;
			buildSettings = {
				ASSETCATALOG_COMPILER_APPICON_NAME = AppIcon;
				INFOPLIST_FILE = InfiniteViewDemo/Info.plist;
				IPHONEOS_DEPLOYMENT_TARGET = 8.0;
				LD_RUNPATH_SEARCH_PATHS = "$(inherited) @executable_path/Frameworks";
				PRODUCT_BUNDLE_IDENTIFIER = com.zhangsg.InfiniteViewDemo;
				PRODUCT_NAME = "$(TARGET_NAME)";
			};
			name = Release;
		};
/* End XCBuildConfiguration section */

/* Begin XCConfigurationList section */
		A7EAE4061DDF336D002EAC72 /* Build configuration list for PBXProject "InfiniteViewDemo" */ = {
			isa = XCConfigurationList;
			buildConfigurations = (
				A7EAE4201DDF336D002EAC72 /* Debug */,
				A7EAE4211DDF336D002EAC72 /* Release */,
			);
			defaultConfigurationIsVisible = 0;
			defaultConfigurationName = Release;
		};
		A7EAE4221DDF336D002EAC72 /* Build configuration list for PBXNativeTarget "InfiniteViewDemo" */ = {
			isa = XCConfigurationList;
			buildConfigurations = (
				A7EAE4231DDF336D002EAC72 /* Debug */,
				A7EAE4241DDF336D002EAC72 /* Release */,
			);
			defaultConfigurationIsVisible = 0;
			defaultConfigurationName = Release;
		};
/* End XCConfigurationList section */
	};
	rootObject = A7EAE4031DDF336D002EAC72 /* Project object */;
}
